
Microsoft Visual Studio Solution File, Format Version 12.00
# Visual Studio Version 17
VisualStudioVersion = 17.13.35919.96
MinimumVisualStudioVersion = 10.0.40219.1
Project("{FAE04EC0-301F-11D3-BF4B-00C04F79EFBC}") = "PatronesDeDiseño.Web", "SingletonContadorAcciones\PatronesDeDiseño.Web.csproj", "{4176AFCD-0209-44A8-90F2-835F366D6783}"
EndProject
Project("{FAE04EC0-301F-11D3-BF4B-00C04F79EFBC}") = "SingletonContadorAcciones.Services", "SingletonContadorAcciones.Services\SingletonContadorAcciones.Services.csproj", "{730F91F5-5497-4752-B2D9-E22C7B26B5FC}"
EndProject
Project("{2150E333-8FDC-42A3-9474-1A3956D46DE8}") = "SingletonPattern", "SingletonPattern", "{02EA681E-C7D8-13C7-8484-4AC65E1B71E8}"
EndProject
Project("{2150E333-8FDC-42A3-9474-1A3956D46DE8}") = "Patrones Creacionales", "Patrones Creacionales", "{973F1AB1-CDB4-4473-9249-F2D5DB5B3B53}"
EndProject
Project("{2150E333-8FDC-42A3-9474-1A3956D46DE8}") = "BuildPattern", "BuildPattern", "{9F405571-813B-4FCA-A942-18AF5BE3ABEA}"
EndProject
Project("{FAE04EC0-301F-11D3-BF4B-00C04F79EFBC}") = "BuildCreadorUsuarios.Services", "BuildCreadorUsuarios.Services\BuildCreadorUsuarios.Services.csproj", "{4213F6EA-DED7-4F54-B81F-D7DA65A9583B}"
EndProject
Project("{2150E333-8FDC-42A3-9474-1A3956D46DE8}") = "PrototypePattern", "PrototypePattern", "{CBF27181-CB1E-480E-B316-B9CA3E3AD3DD}"
EndProject
Project("{FAE04EC0-301F-11D3-BF4B-00C04F79EFBC}") = "PrototypeContratosPattern", "PrototypeContratosPattern\PrototypeContratosPattern.csproj", "{887C8E64-9C86-402C-A18A-8F0340DEE38D}"
EndProject
Project("{2150E333-8FDC-42A3-9474-1A3956D46DE8}") = "Patrones Comportamiento", "Patrones Comportamiento", "{15DD562A-DC00-496B-AA64-F8ABFF1D6FD4}"
EndProject
Project("{FAE04EC0-301F-11D3-BF4B-00C04F79EFBC}") = "PatronesDeComportamiento", "PatronesDeComportamiento\PatronesDeComportamiento.csproj", "{AD04581E-F104-4B67-ACAF-C486737600CA}"
EndProject
Project("{2150E333-8FDC-42A3-9474-1A3956D46DE8}") = "StrategyPattern", "StrategyPattern", "{87F22663-F658-45C7-957C-91CFFD2AC524}"
EndProject
Project("{FAE04EC0-301F-11D3-BF4B-00C04F79EFBC}") = "StrategyTipoEnvio.Services", "StrategyTipoEnvio.Services\StrategyTipoEnvio.Services.csproj", "{122F1583-3222-4B1F-AFE6-1AA6A561978C}"
EndProject
Project("{FAE04EC0-301F-11D3-BF4B-00C04F79EFBC}") = "TemplateMethod.Services", "TemplateMethod.Services\TemplateMethod.Services.csproj", "{3E2D1802-6CD9-49C9-BDA8-B31FDC6A4B56}"
EndProject
Project("{2150E333-8FDC-42A3-9474-1A3956D46DE8}") = "TemplateMethod", "TemplateMethod", "{9EF9FA29-5A88-435C-B57D-D25EC9D4FF89}"
EndProject
Project("{2150E333-8FDC-42A3-9474-1A3956D46DE8}") = "CommandPattern", "CommandPattern", "{0E2467D3-69EC-4A8D-8353-3AB2C461C33D}"
EndProject
Project("{FAE04EC0-301F-11D3-BF4B-00C04F79EFBC}") = "CommandPattern.Services", "CommandPattern.Services\CommandPattern.Services.csproj", "{8716048B-A4E0-4D42-B58B-95BE7EF157E4}"
EndProject
Project("{2150E333-8FDC-42A3-9474-1A3956D46DE8}") = "Patrones Estructural", "Patrones Estructural", "{DAD20A4C-FFE0-4633-AE0B-744037283EC9}"
EndProject
Project("{FAE04EC0-301F-11D3-BF4B-00C04F79EFBC}") = "PatronesEstructurales", "PatronesEstructurales\PatronesEstructurales.csproj", "{F385754E-424F-4C60-9176-73E1ED888EAE}"
EndProject
Project("{2150E333-8FDC-42A3-9474-1A3956D46DE8}") = "AdapterPattern", "AdapterPattern", "{5E1EFF8B-0B7C-4315-B389-427035E21879}"
EndProject
Project("{FAE04EC0-301F-11D3-BF4B-00C04F79EFBC}") = "AdapterImpresora.Services", "AdapterImpresora.Services\AdapterImpresora.Services.csproj", "{47FD330C-C98E-4E1B-9E18-73165B02B7D5}"
EndProject
Project("{2150E333-8FDC-42A3-9474-1A3956D46DE8}") = "DecoratorPattern", "DecoratorPattern", "{38D8BFEA-4804-4B53-B7A2-F96BEB176662}"
EndProject
Project("{FAE04EC0-301F-11D3-BF4B-00C04F79EFBC}") = "DecoratorPattern.Services", "DecoratorPattern.Services\DecoratorPattern.Services.csproj", "{31A10245-B104-4858-AF22-D8C4113EC99C}"
EndProject
Project("{2150E333-8FDC-42A3-9474-1A3956D46DE8}") = "Proxy", "Proxy", "{BCC24AF7-3A9C-40AC-BF67-31732D925E59}"
EndProject
Project("{FAE04EC0-301F-11D3-BF4B-00C04F79EFBC}") = "ProxyPattern.Services", "ProxyPattern.Services\ProxyPattern.Services.csproj", "{D7E82C75-9E0C-43B6-93FF-90B7B70E93E5}"
EndProject
Global
	GlobalSection(SolutionConfigurationPlatforms) = preSolution
		Debug|Any CPU = Debug|Any CPU
		Release|Any CPU = Release|Any CPU
	EndGlobalSection
	GlobalSection(ProjectConfigurationPlatforms) = postSolution
		{4176AFCD-0209-44A8-90F2-835F366D6783}.Debug|Any CPU.ActiveCfg = Debug|Any CPU
		{4176AFCD-0209-44A8-90F2-835F366D6783}.Debug|Any CPU.Build.0 = Debug|Any CPU
		{4176AFCD-0209-44A8-90F2-835F366D6783}.Release|Any CPU.ActiveCfg = Release|Any CPU
		{4176AFCD-0209-44A8-90F2-835F366D6783}.Release|Any CPU.Build.0 = Release|Any CPU
		{730F91F5-5497-4752-B2D9-E22C7B26B5FC}.Debug|Any CPU.ActiveCfg = Debug|Any CPU
		{730F91F5-5497-4752-B2D9-E22C7B26B5FC}.Debug|Any CPU.Build.0 = Debug|Any CPU
		{730F91F5-5497-4752-B2D9-E22C7B26B5FC}.Release|Any CPU.ActiveCfg = Release|Any CPU
		{730F91F5-5497-4752-B2D9-E22C7B26B5FC}.Release|Any CPU.Build.0 = Release|Any CPU
		{4213F6EA-DED7-4F54-B81F-D7DA65A9583B}.Debug|Any CPU.ActiveCfg = Debug|Any CPU
		{4213F6EA-DED7-4F54-B81F-D7DA65A9583B}.Debug|Any CPU.Build.0 = Debug|Any CPU
		{4213F6EA-DED7-4F54-B81F-D7DA65A9583B}.Release|Any CPU.ActiveCfg = Release|Any CPU
		{4213F6EA-DED7-4F54-B81F-D7DA65A9583B}.Release|Any CPU.Build.0 = Release|Any CPU
		{887C8E64-9C86-402C-A18A-8F0340DEE38D}.Debug|Any CPU.ActiveCfg = Debug|Any CPU
		{887C8E64-9C86-402C-A18A-8F0340DEE38D}.Debug|Any CPU.Build.0 = Debug|Any CPU
		{887C8E64-9C86-402C-A18A-8F0340DEE38D}.Release|Any CPU.ActiveCfg = Release|Any CPU
		{887C8E64-9C86-402C-A18A-8F0340DEE38D}.Release|Any CPU.Build.0 = Release|Any CPU
		{AD04581E-F104-4B67-ACAF-C486737600CA}.Debug|Any CPU.ActiveCfg = Debug|Any CPU
		{AD04581E-F104-4B67-ACAF-C486737600CA}.Debug|Any CPU.Build.0 = Debug|Any CPU
		{AD04581E-F104-4B67-ACAF-C486737600CA}.Release|Any CPU.ActiveCfg = Release|Any CPU
		{AD04581E-F104-4B67-ACAF-C486737600CA}.Release|Any CPU.Build.0 = Release|Any CPU
		{122F1583-3222-4B1F-AFE6-1AA6A561978C}.Debug|Any CPU.ActiveCfg = Debug|Any CPU
		{122F1583-3222-4B1F-AFE6-1AA6A561978C}.Debug|Any CPU.Build.0 = Debug|Any CPU
		{122F1583-3222-4B1F-AFE6-1AA6A561978C}.Release|Any CPU.ActiveCfg = Release|Any CPU
		{122F1583-3222-4B1F-AFE6-1AA6A561978C}.Release|Any CPU.Build.0 = Release|Any CPU
		{3E2D1802-6CD9-49C9-BDA8-B31FDC6A4B56}.Debug|Any CPU.ActiveCfg = Debug|Any CPU
		{3E2D1802-6CD9-49C9-BDA8-B31FDC6A4B56}.Debug|Any CPU.Build.0 = Debug|Any CPU
		{3E2D1802-6CD9-49C9-BDA8-B31FDC6A4B56}.Release|Any CPU.ActiveCfg = Release|Any CPU
		{3E2D1802-6CD9-49C9-BDA8-B31FDC6A4B56}.Release|Any CPU.Build.0 = Release|Any CPU
		{8716048B-A4E0-4D42-B58B-95BE7EF157E4}.Debug|Any CPU.ActiveCfg = Debug|Any CPU
		{8716048B-A4E0-4D42-B58B-95BE7EF157E4}.Debug|Any CPU.Build.0 = Debug|Any CPU
		{8716048B-A4E0-4D42-B58B-95BE7EF157E4}.Release|Any CPU.ActiveCfg = Release|Any CPU
		{8716048B-A4E0-4D42-B58B-95BE7EF157E4}.Release|Any CPU.Build.0 = Release|Any CPU
		{F385754E-424F-4C60-9176-73E1ED888EAE}.Debug|Any CPU.ActiveCfg = Debug|Any CPU
		{F385754E-424F-4C60-9176-73E1ED888EAE}.Debug|Any CPU.Build.0 = Debug|Any CPU
		{F385754E-424F-4C60-9176-73E1ED888EAE}.Release|Any CPU.ActiveCfg = Release|Any CPU
		{F385754E-424F-4C60-9176-73E1ED888EAE}.Release|Any CPU.Build.0 = Release|Any CPU
		{47FD330C-C98E-4E1B-9E18-73165B02B7D5}.Debug|Any CPU.ActiveCfg = Debug|Any CPU
		{47FD330C-C98E-4E1B-9E18-73165B02B7D5}.Debug|Any CPU.Build.0 = Debug|Any CPU
		{47FD330C-C98E-4E1B-9E18-73165B02B7D5}.Release|Any CPU.ActiveCfg = Release|Any CPU
		{47FD330C-C98E-4E1B-9E18-73165B02B7D5}.Release|Any CPU.Build.0 = Release|Any CPU
		{31A10245-B104-4858-AF22-D8C4113EC99C}.Debug|Any CPU.ActiveCfg = Debug|Any CPU
		{31A10245-B104-4858-AF22-D8C4113EC99C}.Debug|Any CPU.Build.0 = Debug|Any CPU
		{31A10245-B104-4858-AF22-D8C4113EC99C}.Release|Any CPU.ActiveCfg = Release|Any CPU
		{31A10245-B104-4858-AF22-D8C4113EC99C}.Release|Any CPU.Build.0 = Release|Any CPU
		{D7E82C75-9E0C-43B6-93FF-90B7B70E93E5}.Debug|Any CPU.ActiveCfg = Debug|Any CPU
		{D7E82C75-9E0C-43B6-93FF-90B7B70E93E5}.Debug|Any CPU.Build.0 = Debug|Any CPU
		{D7E82C75-9E0C-43B6-93FF-90B7B70E93E5}.Release|Any CPU.ActiveCfg = Release|Any CPU
		{D7E82C75-9E0C-43B6-93FF-90B7B70E93E5}.Release|Any CPU.Build.0 = Release|Any CPU
	EndGlobalSection
	GlobalSection(SolutionProperties) = preSolution
		HideSolutionNode = FALSE
	EndGlobalSection
	GlobalSection(NestedProjects) = preSolution
		{4176AFCD-0209-44A8-90F2-835F366D6783} = {973F1AB1-CDB4-4473-9249-F2D5DB5B3B53}
		{730F91F5-5497-4752-B2D9-E22C7B26B5FC} = {02EA681E-C7D8-13C7-8484-4AC65E1B71E8}
		{02EA681E-C7D8-13C7-8484-4AC65E1B71E8} = {973F1AB1-CDB4-4473-9249-F2D5DB5B3B53}
		{9F405571-813B-4FCA-A942-18AF5BE3ABEA} = {973F1AB1-CDB4-4473-9249-F2D5DB5B3B53}
		{4213F6EA-DED7-4F54-B81F-D7DA65A9583B} = {9F405571-813B-4FCA-A942-18AF5BE3ABEA}
		{CBF27181-CB1E-480E-B316-B9CA3E3AD3DD} = {973F1AB1-CDB4-4473-9249-F2D5DB5B3B53}
		{887C8E64-9C86-402C-A18A-8F0340DEE38D} = {CBF27181-CB1E-480E-B316-B9CA3E3AD3DD}
		{AD04581E-F104-4B67-ACAF-C486737600CA} = {15DD562A-DC00-496B-AA64-F8ABFF1D6FD4}
		{87F22663-F658-45C7-957C-91CFFD2AC524} = {15DD562A-DC00-496B-AA64-F8ABFF1D6FD4}
		{122F1583-3222-4B1F-AFE6-1AA6A561978C} = {87F22663-F658-45C7-957C-91CFFD2AC524}
		{3E2D1802-6CD9-49C9-BDA8-B31FDC6A4B56} = {9EF9FA29-5A88-435C-B57D-D25EC9D4FF89}
		{9EF9FA29-5A88-435C-B57D-D25EC9D4FF89} = {15DD562A-DC00-496B-AA64-F8ABFF1D6FD4}
		{0E2467D3-69EC-4A8D-8353-3AB2C461C33D} = {15DD562A-DC00-496B-AA64-F8ABFF1D6FD4}
		{8716048B-A4E0-4D42-B58B-95BE7EF157E4} = {0E2467D3-69EC-4A8D-8353-3AB2C461C33D}
		{F385754E-424F-4C60-9176-73E1ED888EAE} = {DAD20A4C-FFE0-4633-AE0B-744037283EC9}
		{5E1EFF8B-0B7C-4315-B389-427035E21879} = {DAD20A4C-FFE0-4633-AE0B-744037283EC9}
		{47FD330C-C98E-4E1B-9E18-73165B02B7D5} = {5E1EFF8B-0B7C-4315-B389-427035E21879}
		{38D8BFEA-4804-4B53-B7A2-F96BEB176662} = {DAD20A4C-FFE0-4633-AE0B-744037283EC9}
		{31A10245-B104-4858-AF22-D8C4113EC99C} = {38D8BFEA-4804-4B53-B7A2-F96BEB176662}
		{BCC24AF7-3A9C-40AC-BF67-31732D925E59} = {DAD20A4C-FFE0-4633-AE0B-744037283EC9}
		{D7E82C75-9E0C-43B6-93FF-90B7B70E93E5} = {BCC24AF7-3A9C-40AC-BF67-31732D925E59}
	EndGlobalSection
	GlobalSection(ExtensibilityGlobals) = postSolution
		SolutionGuid = {D93CE045-7034-4E6D-BB86-AFA702F22668}
	EndGlobalSection
EndGlobal
